
Microsoft Visual Studio Solution File, Format Version 12.00
# Visual Studio 15
VisualStudioVersion = 15.0.27130.2010
MinimumVisualStudioVersion = 10.0.40219.1
Project("{FAE04EC0-301F-11D3-BF4B-00C04F79EFBC}") = "CSR3Protect", "CSR3Protect\CSR3Protect.csproj", "{0542122E-7EBD-4BD7-9236-D98BE4E83D47}"
EndProject
Project("{8BC9CEB8-8B4A-11D0-8D11-00A0C91BC942}") = "user64", "user64\user64.vcxproj", "{4F5006AF-C63A-4C54-944C-DDF2A1B63F20}"
EndProject
Global
	GlobalSection(SolutionConfigurationPlatforms) = preSolution
		Debug|Any CPU = Debug|Any CPU
		Debug|x64 = Debug|x64
		Debug|x86 = Debug|x86
		Release|Any CPU = Release|Any CPU
		Release|x64 = Release|x64
		Release|x86 = Release|x86
	EndGlobalSection
	GlobalSection(ProjectConfigurationPlatforms) = postSolution
		{0542122E-7EBD-4BD7-9236-D98BE4E83D47}.Debug|Any CPU.ActiveCfg = Debug|Any CPU
		{0542122E-7EBD-4BD7-9236-D98BE4E83D47}.Debug|Any CPU.Build.0 = Debug|Any CPU
		{0542122E-7EBD-4BD7-9236-D98BE4E83D47}.Debug|x64.ActiveCfg = Debug|Any CPU
		{0542122E-7EBD-4BD7-9236-D98BE4E83D47}.Debug|x64.Build.0 = Debug|Any CPU
		{0542122E-7EBD-4BD7-9236-D98BE4E83D47}.Debug|x86.ActiveCfg = Debug|Any CPU
		{0542122E-7EBD-4BD7-9236-D98BE4E83D47}.Debug|x86.Build.0 = Debug|Any CPU
		{0542122E-7EBD-4BD7-9236-D98BE4E83D47}.Release|Any CPU.ActiveCfg = Release|Any CPU
		{0542122E-7EBD-4BD7-9236-D98BE4E83D47}.Release|Any CPU.Build.0 = Release|Any CPU
		{0542122E-7EBD-4BD7-9236-D98BE4E83D47}.Release|x64.ActiveCfg = Release|Any CPU
		{0542122E-7EBD-4BD7-9236-D98BE4E83D47}.Release|x64.Build.0 = Release|Any CPU
		{0542122E-7EBD-4BD7-9236-D98BE4E83D47}.Release|x86.ActiveCfg = Release|Any CPU
		{0542122E-7EBD-4BD7-9236-D98BE4E83D47}.Release|x86.Build.0 = Release|Any CPU
		{4F5006AF-C63A-4C54-944C-DDF2A1B63F20}.Debug|Any CPU.ActiveCfg = Debug|Win32
		{4F5006AF-C63A-4C54-944C-DDF2A1B63F20}.Debug|x64.ActiveCfg = Debug|x64
		{4F5006AF-C63A-4C54-944C-DDF2A1B63F20}.Debug|x64.Build.0 = Debug|x64
		{4F5006AF-C63A-4C54-944C-DDF2A1B63F20}.Debug|x86.ActiveCfg = Debug|Win32
		{4F5006AF-C63A-4C54-944C-DDF2A1B63F20}.Debug|x86.Build.0 = Debug|Win32
		{4F5006AF-C63A-4C54-944C-DDF2A1B63F20}.Release|Any CPU.ActiveCfg = Release|Win32
		{4F5006AF-C63A-4C54-944C-DDF2A1B63F20}.Release|x64.ActiveCfg = Release|x64
		{4F5006AF-C63A-4C54-944C-DDF2A1B63F20}.Release|x64.Build.0 = Release|x64
		{4F5006AF-C63A-4C54-944C-DDF2A1B63F20}.Release|x86.ActiveCfg = Release|Win32
		{4F5006AF-C63A-4C54-944C-DDF2A1B63F20}.Release|x86.Build.0 = Release|Win32
	EndGlobalSection
	GlobalSection(SolutionProperties) = preSolution
		HideSolutionNode = FALSE
	EndGlobalSection
	GlobalSection(ExtensibilityGlobals) = postSolution
		SolutionGuid = {96A83330-0788-4F94-B75C-62A9A14A12CF}
	EndGlobalSection
EndGlobal
